
Microsoft Visual Studio Solution File, Format Version 12.00
# Visual Studio Version 17
VisualStudioVersion = 17.3.32901.215
MinimumVisualStudioVersion = 10.0.40219.1
Project("{FAE04EC0-301F-11D3-BF4B-00C04F79EFBC}") = "exportar-fatura", "exportar-fatura.csproj", "{39F2FA2D-7CCE-41C7-8675-62C49A7F7F89}"
EndProject
Global
	GlobalSection(SolutionConfigurationPlatforms) = preSolution
		Debug|Any CPU = Debug|Any CPU
		Release|Any CPU = Release|Any CPU
	EndGlobalSection
	GlobalSection(ProjectConfigurationPlatforms) = postSolution
		{39F2FA2D-7CCE-41C7-8675-62C49A7F7F89}.Debug|Any CPU.ActiveCfg = Debug|Any CPU
		{39F2FA2D-7CCE-41C7-8675-62C49A7F7F89}.Debug|Any CPU.Build.0 = Debug|Any CPU
		{39F2FA2D-7CCE-41C7-8675-62C49A7F7F89}.Release|Any CPU.ActiveCfg = Release|Any CPU
		{39F2FA2D-7CCE-41C7-8675-62C49A7F7F89}.Release|Any CPU.Build.0 = Release|Any CPU
	EndGlobalSection
	GlobalSection(SolutionProperties) = preSolution
		HideSolutionNode = FALSE
	EndGlobalSection
	GlobalSection(ExtensibilityGlobals) = postSolution
		SolutionGuid = {BB1F6C3F-FC0B-44EC-AFC4-6BC76763EDF2}
	EndGlobalSection
EndGlobal
